// !$*UTF8*$!
{
	archiveVersion = 1;
	classes = {
	};
	objectVersion = 52;
	objects = {

/* Begin PBXBuildFile section */
		0D559B7528BDFC920061BA0A /* OpenPayment.xcframework in Frameworks */ = {isa = PBXBuildFile; fileRef = 0D559B7328BDFC860061BA0A /* OpenPayment.xcframework */; };
		0D559B7628BDFC920061BA0A /* OpenPayment.xcframework in Embed Frameworks */ = {isa = PBXBuildFile; fileRef = 0D559B7328BDFC860061BA0A /* OpenPayment.xcframework */; settings = {ATTRIBUTES = (CodeSignOnCopy, RemoveHeadersOnCopy, ); }; };
		9D180DE924A47134001C6CF8 /* AppDelegate.swift in Sources */ = {isa = PBXBuildFile; fileRef = 9D180DE824A47134001C6CF8 /* AppDelegate.swift */; };
		9D180DEB24A47134001C6CF8 /* SceneDelegate.swift in Sources */ = {isa = PBXBuildFile; fileRef = 9D180DEA24A47134001C6CF8 /* SceneDelegate.swift */; };
		9D180DED24A47134001C6CF8 /* ViewController.swift in Sources */ = {isa = PBXBuildFile; fileRef = 9D180DEC24A47134001C6CF8 /* ViewController.swift */; };
		9D180DF024A47134001C6CF8 /* Main.storyboard in Resources */ = {isa = PBXBuildFile; fileRef = 9D180DEE24A47134001C6CF8 /* Main.storyboard */; };
		9D180DF224A47135001C6CF8 /* Assets.xcassets in Resources */ = {isa = PBXBuildFile; fileRef = 9D180DF124A47135001C6CF8 /* Assets.xcassets */; };
		9D180DF524A47135001C6CF8 /* LaunchScreen.storyboard in Resources */ = {isa = PBXBuildFile; fileRef = 9D180DF324A47135001C6CF8 /* LaunchScreen.storyboard */; };
/* End PBXBuildFile section */

/* Begin PBXCopyFilesBuildPhase section */
		F0EBCD9225B7F7ED00105555 /* Embed Frameworks */ = {
			isa = PBXCopyFilesBuildPhase;
			buildActionMask = 2147483647;
			dstPath = "";
			dstSubfolderSpec = 10;
			files = (
				0D559B7628BDFC920061BA0A /* OpenPayment.xcframework in Embed Frameworks */,
			);
			name = "Embed Frameworks";
			runOnlyForDeploymentPostprocessing = 0;
		};
/* End PBXCopyFilesBuildPhase section */

/* Begin PBXFileReference section */
		0D559B7328BDFC860061BA0A /* OpenPayment.xcframework */ = {isa = PBXFileReference; lastKnownFileType = wrapper.xcframework; path = OpenPayment.xcframework; sourceTree = "<group>"; };
		9D180DE524A47134001C6CF8 /* iOS-SDK-Demo.app */ = {isa = PBXFileReference; explicitFileType = wrapper.application; includeInIndex = 0; path = "iOS-SDK-Demo.app"; sourceTree = BUILT_PRODUCTS_DIR; };
		9D180DE824A47134001C6CF8 /* AppDelegate.swift */ = {isa = PBXFileReference; lastKnownFileType = sourcecode.swift; path = AppDelegate.swift; sourceTree = "<group>"; };
		9D180DEA24A47134001C6CF8 /* SceneDelegate.swift */ = {isa = PBXFileReference; lastKnownFileType = sourcecode.swift; path = SceneDelegate.swift; sourceTree = "<group>"; };
		9D180DEC24A47134001C6CF8 /* ViewController.swift */ = {isa = PBXFileReference; lastKnownFileType = sourcecode.swift; path = ViewController.swift; sourceTree = "<group>"; };
		9D180DEF24A47134001C6CF8 /* Base */ = {isa = PBXFileReference; lastKnownFileType = file.storyboard; name = Base; path = Base.lproj/Main.storyboard; sourceTree = "<group>"; };
		9D180DF124A47135001C6CF8 /* Assets.xcassets */ = {isa = PBXFileReference; lastKnownFileType = folder.assetcatalog; path = Assets.xcassets; sourceTree = "<group>"; };
		9D180DF424A47135001C6CF8 /* Base */ = {isa = PBXFileReference; lastKnownFileType = file.storyboard; name = Base; path = Base.lproj/LaunchScreen.storyboard; sourceTree = "<group>"; };
		9D180DF624A47135001C6CF8 /* Info.plist */ = {isa = PBXFileReference; lastKnownFileType = text.plist.xml; path = Info.plist; sourceTree = "<group>"; };
/* End PBXFileReference section */

/* Begin PBXFrameworksBuildPhase section */
		9D180DE224A47134001C6CF8 /* Frameworks */ = {
			isa = PBXFrameworksBuildPhase;
			buildActionMask = 2147483647;
			files = (
				0D559B7528BDFC920061BA0A /* OpenPayment.xcframework in Frameworks */,
			);
			runOnlyForDeploymentPostprocessing = 0;
		};
/* End PBXFrameworksBuildPhase section */

/* Begin PBXGroup section */
		4D22F20E24DAE2390021E129 /* Framework */ = {
			isa = PBXGroup;
			children = (
				0D559B7328BDFC860061BA0A /* OpenPayment.xcframework */,
			);
			path = Framework;
			sourceTree = "<group>";
		};
		9D180DDC24A47134001C6CF8 = {
			isa = PBXGroup;
			children = (
				4D22F20E24DAE2390021E129 /* Framework */,
				9D180DE724A47134001C6CF8 /* iOS-SDK-Demo */,
				9D180DE624A47134001C6CF8 /* Products */,
				F0EBCD8F25B7F7ED00105555 /* Frameworks */,
			);
			sourceTree = "<group>";
		};
		9D180DE624A47134001C6CF8 /* Products */ = {
			isa = PBXGroup;
			children = (
				9D180DE524A47134001C6CF8 /* iOS-SDK-Demo.app */,
			);
			name = Products;
			sourceTree = "<group>";
		};
		9D180DE724A47134001C6CF8 /* iOS-SDK-Demo */ = {
			isa = PBXGroup;
			children = (
				9D180DE824A47134001C6CF8 /* AppDelegate.swift */,
				9D180DEA24A47134001C6CF8 /* SceneDelegate.swift */,
				9D180DEC24A47134001C6CF8 /* ViewController.swift */,
				9D180DEE24A47134001C6CF8 /* Main.storyboard */,
				9D180DF124A47135001C6CF8 /* Assets.xcassets */,
				9D180DF324A47135001C6CF8 /* LaunchScreen.storyboard */,
				9D180DF624A47135001C6CF8 /* Info.plist */,
			);
			path = "iOS-SDK-Demo";
			sourceTree = "<group>";
		};
		F0EBCD8F25B7F7ED00105555 /* Frameworks */ = {
			isa = PBXGroup;
			children = (
			);
			name = Frameworks;
			sourceTree = "<group>";
		};
/* End PBXGroup section */

/* Begin PBXNativeTarget section */
		9D180DE424A47134001C6CF8 /* iOS-SDK-Demo */ = {
			isa = PBXNativeTarget;
			buildConfigurationList = 9D180DF924A47135001C6CF8 /* Build configuration list for PBXNativeTarget "iOS-SDK-Demo" */;
			buildPhases = (
				9D180DE124A47134001C6CF8 /* Sources */,
				9D180DE224A47134001C6CF8 /* Frameworks */,
				9D180DE324A47134001C6CF8 /* Resources */,
				F0EBCD9225B7F7ED00105555 /* Embed Frameworks */,
			);
			buildRules = (
			);
			dependencies = (
			);
			name = "iOS-SDK-Demo";
			productName = "iOS-SDK-Demo";
			productReference = 9D180DE524A47134001C6CF8 /* iOS-SDK-Demo.app */;
			productType = "com.apple.product-type.application";
		};
/* End PBXNativeTarget section */

/* Begin PBXProject section */
		9D180DDD24A47134001C6CF8 /* Project object */ = {
			isa = PBXProject;
			attributes = {
				LastSwiftUpdateCheck = 1150;
				LastUpgradeCheck = 1150;
				ORGANIZATIONNAME = Open;
				TargetAttributes = {
					9D180DE424A47134001C6CF8 = {
						CreatedOnToolsVersion = 11.5;
					};
				};
			};
			buildConfigurationList = 9D180DE024A47134001C6CF8 /* Build configuration list for PBXProject "iOS-SDK-Demo" */;
			compatibilityVersion = "Xcode 9.3";
			developmentRegion = en;
			hasScannedForEncodings = 0;
			knownRegions = (
				en,
				Base,
			);
			mainGroup = 9D180DDC24A47134001C6CF8;
			productRefGroup = 9D180DE624A47134001C6CF8 /* Products */;
			projectDirPath = "";
			projectRoot = "";
			targets = (
				9D180DE424A47134001C6CF8 /* iOS-SDK-Demo */,
			);
		};
/* End PBXProject section */

/* Begin PBXResourcesBuildPhase section */
		9D180DE324A47134001C6CF8 /* Resources */ = {
			isa = PBXResourcesBuildPhase;
			buildActionMask = 2147483647;
			files = (
				9D180DF524A47135001C6CF8 /* LaunchScreen.storyboard in Resources */,
				9D180DF224A47135001C6CF8 /* Assets.xcassets in Resources */,
				9D180DF024A47134001C6CF8 /* Main.storyboard in Resources */,
			);
			runOnlyForDeploymentPostprocessing = 0;
		};
/* End PBXResourcesBuildPhase section */

/* Begin PBXSourcesBuildPhase section */
		9D180DE124A47134001C6CF8 /* Sources */ = {
			isa = PBXSourcesBuildPhase;
			buildActionMask = 2147483647;
			files = (
				9D180DED24A47134001C6CF8 /* ViewController.swift in Sources */,
				9D180DE924A47134001C6CF8 /* AppDelegate.swift in Sources */,
				9D180DEB24A47134001C6CF8 /* SceneDelegate.swift in Sources */,
			);
			runOnlyForDeploymentPostprocessing = 0;
		};
/* End PBXSourcesBuildPhase section */

/* Begin PBXVariantGroup section */
		9D180DEE24A47134001C6CF8 /* Main.storyboard */ = {
			isa = PBXVariantGroup;
			children = (
				9D180DEF24A47134001C6CF8 /* Base */,
			);
			name = Main.storyboard;
			sourceTree = "<group>";
		};
		9D180DF324A47135001C6CF8 /* LaunchScreen.storyboard */ = {
			isa = PBXVariantGroup;
			children = (
				9D180DF424A47135001C6CF8 /* Base */,
			);
			name = LaunchScreen.storyboard;
			sourceTree = "<group>";
		};
/* End PBXVariantGroup section */

/* Begin XCBuildConfiguration section */
		9D180DF724A47135001C6CF8 /* Debug */ = {
			isa = XCBuildConfiguration;
			buildSettings = {
				ALWAYS_SEARCH_USER_PATHS = NO;
				CLANG_ANALYZER_NONNULL = YES;
				CLANG_ANALYZER_NUMBER_OBJECT_CONVERSION = YES_AGGRESSIVE;
				CLANG_CXX_LANGUAGE_STANDARD = "gnu++14";
				CLANG_CXX_LIBRARY = "libc++";
				CLANG_ENABLE_MODULES = YES;
				CLANG_ENABLE_OBJC_ARC = YES;
				CLANG_ENABLE_OBJC_WEAK = YES;
				CLANG_WARN_BLOCK_CAPTURE_AUTORELEASING = YES;
				CLANG_WARN_BOOL_CONVERSION = YES;
				CLANG_WARN_COMMA = YES;
				CLANG_WARN_CONSTANT_CONVERSION = YES;
				CLANG_WARN_DEPRECATED_OBJC_IMPLEMENTATIONS = YES;
				CLANG_WARN_DIRECT_OBJC_ISA_USAGE = YES_ERROR;
				CLANG_WARN_DOCUMENTATION_COMMENTS = YES;
				CLANG_WARN_EMPTY_BODY = YES;
				CLANG_WARN_ENUM_CONVERSION = YES;
				CLANG_WARN_INFINITE_RECURSION = YES;
				CLANG_WARN_INT_CONVERSION = YES;
				CLANG_WARN_NON_LITERAL_NULL_CONVERSION = YES;
				CLANG_WARN_OBJC_IMPLICIT_RETAIN_SELF = YES;
				CLANG_WARN_OBJC_LITERAL_CONVERSION = YES;
				CLANG_WARN_OBJC_ROOT_CLASS = YES_ERROR;
				CLANG_WARN_RANGE_LOOP_ANALYSIS = YES;
				CLANG_WARN_STRICT_PROTOTYPES = YES;
				CLANG_WARN_SUSPICIOUS_MOVE = YES;
				CLANG_WARN_UNGUARDED_AVAILABILITY = YES_AGGRESSIVE;
				CLANG_WARN_UNREACHABLE_CODE = YES;
				CLANG_WARN__DUPLICATE_METHOD_MATCH = YES;
				COPY_PHASE_STRIP = NO;
				DEBUG_INFORMATION_FORMAT = dwarf;
				ENABLE_STRICT_OBJC_MSGSEND = YES;
				ENABLE_TESTABILITY = YES;
				GCC_C_LANGUAGE_STANDARD = gnu11;
				GCC_DYNAMIC_NO_PIC = NO;
				GCC_NO_COMMON_BLOCKS = YES;
				GCC_OPTIMIZATION_LEVEL = 0;
				GCC_PREPROCESSOR_DEFINITIONS = (
					"DEBUG=1",
					"$(inherited)",
				);
				GCC_WARN_64_TO_32_BIT_CONVERSION = YES;
				GCC_WARN_ABOUT_RETURN_TYPE = YES_ERROR;
				GCC_WARN_UNDECLARED_SELECTOR = YES;
				GCC_WARN_UNINITIALIZED_AUTOS = YES_AGGRESSIVE;
				GCC_WARN_UNUSED_FUNCTION = YES;
				GCC_WARN_UNUSED_VARIABLE = YES;
				IPHONEOS_DEPLOYMENT_TARGET = 13.5;
				MTL_ENABLE_DEBUG_INFO = INCLUDE_SOURCE;
				MTL_FAST_MATH = YES;
				ONLY_ACTIVE_ARCH = YES;
				SDKROOT = iphoneos;
				SWIFT_ACTIVE_COMPILATION_CONDITIONS = DEBUG;
				SWIFT_OPTIMIZATION_LEVEL = "-Onone";
			};
			name = Debug;
		};
		9D180DF824A47135001C6CF8 /* Release */ = {
			isa = XCBuildConfiguration;
			buildSettings = {
				ALWAYS_SEARCH_USER_PATHS = NO;
				CLANG_ANALYZER_NONNULL = YES;
				CLANG_ANALYZER_NUMBER_OBJECT_CONVERSION = YES_AGGRESSIVE;
				CLANG_CXX_LANGUAGE_STANDARD = "gnu++14";
				CLANG_CXX_LIBRARY = "libc++";
				CLANG_ENABLE_MODULES = YES;
				CLANG_ENABLE_OBJC_ARC = YES;
				CLANG_ENABLE_OBJC_WEAK = YES;
				CLANG_WARN_BLOCK_CAPTURE_AUTORELEASING = YES;
				CLANG_WARN_BOOL_CONVERSION = YES;
				CLANG_WARN_COMMA = YES;
				CLANG_WARN_CONSTANT_CONVERSION = YES;
				CLANG_WARN_DEPRECATED_OBJC_IMPLEMENTATIONS = YES;
				CLANG_WARN_DIRECT_OBJC_ISA_USAGE = YES_ERROR;
				CLANG_WARN_DOCUMENTATION_COMMENTS = YES;
				CLANG_WARN_EMPTY_BODY = YES;
				CLANG_WARN_ENUM_CONVERSION = YES;
				CLANG_WARN_INFINITE_RECURSION = YES;
				CLANG_WARN_INT_CONVERSION = YES;
				CLANG_WARN_NON_LITERAL_NULL_CONVERSION = YES;
				CLANG_WARN_OBJC_IMPLICIT_RETAIN_SELF = YES;
				CLANG_WARN_OBJC_LITERAL_CONVERSION = YES;
				CLANG_WARN_OBJC_ROOT_CLASS = YES_ERROR;
				CLANG_WARN_RANGE_LOOP_ANALYSIS = YES;
				CLANG_WARN_STRICT_PROTOTYPES = YES;
				CLANG_WARN_SUSPICIOUS_MOVE = YES;
				CLANG_WARN_UNGUARDED_AVAILABILITY = YES_AGGRESSIVE;
				CLANG_WARN_UNREACHABLE_CODE = YES;
				CLANG_WARN__DUPLICATE_METHOD_MATCH = YES;
				COPY_PHASE_STRIP = NO;
				DEBUG_INFORMATION_FORMAT = "dwarf-with-dsym";
				ENABLE_NS_ASSERTIONS = NO;
				ENABLE_STRICT_OBJC_MSGSEND = YES;
				GCC_C_LANGUAGE_STANDARD = gnu11;
				GCC_NO_COMMON_BLOCKS = YES;
				GCC_WARN_64_TO_32_BIT_CONVERSION = YES;
				GCC_WARN_ABOUT_RETURN_TYPE = YES_ERROR;
				GCC_WARN_UNDECLARED_SELECTOR = YES;
				GCC_WARN_UNINITIALIZED_AUTOS = YES_AGGRESSIVE;
				GCC_WARN_UNUSED_FUNCTION = YES;
				GCC_WARN_UNUSED_VARIABLE = YES;
				IPHONEOS_DEPLOYMENT_TARGET = 13.5;
				MTL_ENABLE_DEBUG_INFO = NO;
				MTL_FAST_MATH = YES;
				SDKROOT = iphoneos;
				SWIFT_COMPILATION_MODE = wholemodule;
				SWIFT_OPTIMIZATION_LEVEL = "-O";
				VALIDATE_PRODUCT = YES;
			};
			name = Release;
		};
		9D180DFA24A47135001C6CF8 /* Debug */ = {
			isa = XCBuildConfiguration;
			buildSettings = {
				ASSETCATALOG_COMPILER_APPICON_NAME = AppIcon;
				CODE_SIGN_STYLE = Automatic;
				DEVELOPMENT_TEAM = BJGH6J8PG2;
				FRAMEWORK_SEARCH_PATHS = (
					"$(inherited)",
					"$(PROJECT_DIR)",
					"$(PROJECT_DIR)/Framework",
				);
				INFOPLIST_FILE = "iOS-SDK-Demo/Info.plist";
				IPHONEOS_DEPLOYMENT_TARGET = 10.0;
				LD_RUNPATH_SEARCH_PATHS = (
					"$(inherited)",
					"@executable_path/Frameworks",
				);
				PRODUCT_BUNDLE_IDENTIFIER = "com.open.iOS-SDK-Demo";
				PRODUCT_NAME = "$(TARGET_NAME)";
				SWIFT_VERSION = 5.0;
				TARGETED_DEVICE_FAMILY = 1;
			};
			name = Debug;
		};
		9D180DFB24A47135001C6CF8 /* Release */ = {
			isa = XCBuildConfiguration;
			buildSettings = {
				ASSETCATALOG_COMPILER_APPICON_NAME = AppIcon;
				CODE_SIGN_STYLE = Automatic;
				DEVELOPMENT_TEAM = BJGH6J8PG2;
				FRAMEWORK_SEARCH_PATHS = (
					"$(inherited)",
					"$(PROJECT_DIR)",
					"$(PROJECT_DIR)/Framework",
				);
				INFOPLIST_FILE = "iOS-SDK-Demo/Info.plist";
				IPHONEOS_DEPLOYMENT_TARGET = 10.0;
				LD_RUNPATH_SEARCH_PATHS = (
					"$(inherited)",
					"@executable_path/Frameworks",
				);
				PRODUCT_BUNDLE_IDENTIFIER = "com.open.iOS-SDK-Demo";
				PRODUCT_NAME = "$(TARGET_NAME)";
				SWIFT_VERSION = 5.0;
				TARGETED_DEVICE_FAMILY = 1;
			};
			name = Release;
		};
/* End XCBuildConfiguration section */

/* Begin XCConfigurationList section */
		9D180DE024A47134001C6CF8 /* Build configuration list for PBXProject "iOS-SDK-Demo" */ = {
			isa = XCConfigurationList;
			buildConfigurations = (
				9D180DF724A47135001C6CF8 /* Debug */,
				9D180DF824A47135001C6CF8 /* Release */,
			);
			defaultConfigurationIsVisible = 0;
			defaultConfigurationName = Release;
		};
		9D180DF924A47135001C6CF8 /* Build configuration list for PBXNativeTarget "iOS-SDK-Demo" */ = {
			isa = XCConfigurationList;
			buildConfigurations = (
				9D180DFA24A47135001C6CF8 /* Debug */,
				9D180DFB24A47135001C6CF8 /* Release */,
			);
			defaultConfigurationIsVisible = 0;
			defaultConfigurationName = Release;
		};
/* End XCConfigurationList section */
	};
	rootObject = 9D180DDD24A47134001C6CF8 /* Project object */;
}
